// !$*UTF8*$!
{
	archiveVersion = 1;
	classes = {
	};
	objectVersion = 46;
	objects = {

/* Begin PBXBuildFile section */
		CC58B0A51CDC2FE3000CD22A /* main.m in Sources */ = {isa = PBXBuildFile; fileRef = CC58B0A41CDC2FE3000CD22A /* main.m */; };
		CC58B0A81CDC2FE3000CD22A /* AppDelegate.m in Sources */ = {isa = PBXBuildFile; fileRef = CC58B0A71CDC2FE3000CD22A /* AppDelegate.m */; };
		CC58B0AB1CDC2FE3000CD22A /* ViewController.m in Sources */ = {isa = PBXBuildFile; fileRef = CC58B0AA1CDC2FE3000CD22A /* ViewController.m */; };
		CC58B0AE1CDC2FE3000CD22A /* Main.storyboard in Resources */ = {isa = PBXBuildFile; fileRef = CC58B0AC1CDC2FE3000CD22A /* Main.storyboard */; };
		CC58B0B01CDC2FE3000CD22A /* Assets.xcassets in Resources */ = {isa = PBXBuildFile; fileRef = CC58B0AF1CDC2FE3000CD22A /* Assets.xcassets */; };
		CC58B0B31CDC2FE3000CD22A /* LaunchScreen.storyboard in Resources */ = {isa = PBXBuildFile; fileRef = CC58B0B11CDC2FE3000CD22A /* LaunchScreen.storyboard */; };
		CC58B0BC1CDC3559000CD22A /* OneViewController.m in Sources */ = {isa = PBXBuildFile; fileRef = CC58B0BB1CDC3559000CD22A /* OneViewController.m */; };
		CC58B0BF1CDC37F7000CD22A /* TwoViewController.m in Sources */ = {isa = PBXBuildFile; fileRef = CC58B0BE1CDC37F7000CD22A /* TwoViewController.m */; };
		CCDDBE271CDC43D50070B6E4 /* One1ViewController.m in Sources */ = {isa = PBXBuildFile; fileRef = CCDDBE261CDC43D50070B6E4 /* One1ViewController.m */; };
		CCDDBE331CDC74790070B6E4 /* bgimgae.png in Resources */ = {isa = PBXBuildFile; fileRef = CCDDBE291CDC74790070B6E4 /* bgimgae.png */; };
		CCDDBE341CDC74790070B6E4 /* btnLoginImage@2x.png in Resources */ = {isa = PBXBuildFile; fileRef = CCDDBE2A1CDC74790070B6E4 /* btnLoginImage@2x.png */; };
		CCDDBE351CDC74790070B6E4 /* catdog.png in Resources */ = {isa = PBXBuildFile; fileRef = CCDDBE2B1CDC74790070B6E4 /* catdog.png */; };
		CCDDBE361CDC74790070B6E4 /* login_bg.jpg in Resources */ = {isa = PBXBuildFile; fileRef = CCDDBE2C1CDC74790070B6E4 /* login_bg.jpg */; };
		CCDDBE371CDC74790070B6E4 /* login_bg@2x.jpg in Resources */ = {isa = PBXBuildFile; fileRef = CCDDBE2D1CDC74790070B6E4 /* login_bg@2x.jpg */; };
		CCDDBE381CDC74790070B6E4 /* navBackground.png in Resources */ = {isa = PBXBuildFile; fileRef = CCDDBE2E1CDC74790070B6E4 /* navBackground.png */; };
		CCDDBE391CDC74790070B6E4 /* navigationbar_compose_os7@2x.png in Resources */ = {isa = PBXBuildFile; fileRef = CCDDBE2F1CDC74790070B6E4 /* navigationbar_compose_os7@2x.png */; };
		CCDDBE3A1CDC74790070B6E4 /* navigationbar_pop_os7@2x.png in Resources */ = {isa = PBXBuildFile; fileRef = CCDDBE301CDC74790070B6E4 /* navigationbar_pop_os7@2x.png */; };
		CCDDBE3B1CDC74790070B6E4 /* settings.png in Resources */ = {isa = PBXBuildFile; fileRef = CCDDBE311CDC74790070B6E4 /* settings.png */; };
		CCDDBE3C1CDC74790070B6E4 /* userinfo_navigationbar_background.png in Resources */ = {isa = PBXBuildFile; fileRef = CCDDBE321CDC74790070B6E4 /* userinfo_navigationbar_background.png */; };
/* End PBXBuildFile section */

/* Begin PBXFileReference section */
		CC58B0A01CDC2FE3000CD22A /* Demo01_UINavigationController.app */ = {isa = PBXFileReference; explicitFileType = wrapper.application; includeInIndex = 0; path = Demo01_UINavigationController.app; sourceTree = BUILT_PRODUCTS_DIR; };
		CC58B0A41CDC2FE3000CD22A /* main.m */ = {isa = PBXFileReference; lastKnownFileType = sourcecode.c.objc; path = main.m; sourceTree = "<group>"; };
		CC58B0A61CDC2FE3000CD22A /* AppDelegate.h */ = {isa = PBXFileReference; lastKnownFileType = sourcecode.c.h; path = AppDelegate.h; sourceTree = "<group>"; };
		CC58B0A71CDC2FE3000CD22A /* AppDelegate.m */ = {isa = PBXFileReference; lastKnownFileType = sourcecode.c.objc; path = AppDelegate.m; sourceTree = "<group>"; };
		CC58B0A91CDC2FE3000CD22A /* ViewController.h */ = {isa = PBXFileReference; lastKnownFileType = sourcecode.c.h; path = ViewController.h; sourceTree = "<group>"; };
		CC58B0AA1CDC2FE3000CD22A /* ViewController.m */ = {isa = PBXFileReference; lastKnownFileType = sourcecode.c.objc; path = ViewController.m; sourceTree = "<group>"; };
		CC58B0AD1CDC2FE3000CD22A /* Base */ = {isa = PBXFileReference; lastKnownFileType = file.storyboard; name = Base; path = Base.lproj/Main.storyboard; sourceTree = "<group>"; };
		CC58B0AF1CDC2FE3000CD22A /* Assets.xcassets */ = {isa = PBXFileReference; lastKnownFileType = folder.assetcatalog; path = Assets.xcassets; sourceTree = "<group>"; };
		CC58B0B21CDC2FE3000CD22A /* Base */ = {isa = PBXFileReference; lastKnownFileType = file.storyboard; name = Base; path = Base.lproj/LaunchScreen.storyboard; sourceTree = "<group>"; };
		CC58B0B41CDC2FE3000CD22A /* Info.plist */ = {isa = PBXFileReference; lastKnownFileType = text.plist.xml; path = Info.plist; sourceTree = "<group>"; };
		CC58B0BA1CDC3559000CD22A /* OneViewController.h */ = {isa = PBXFileReference; fileEncoding = 4; lastKnownFileType = sourcecode.c.h; path = OneViewController.h; sourceTree = "<group>"; };
		CC58B0BB1CDC3559000CD22A /* OneViewController.m */ = {isa = PBXFileReference; fileEncoding = 4; lastKnownFileType = sourcecode.c.objc; path = OneViewController.m; sourceTree = "<group>"; };
		CC58B0BD1CDC37F7000CD22A /* TwoViewController.h */ = {isa = PBXFileReference; fileEncoding = 4; lastKnownFileType = sourcecode.c.h; path = TwoViewController.h; sourceTree = "<group>"; };
		CC58B0BE1CDC37F7000CD22A /* TwoViewController.m */ = {isa = PBXFileReference; fileEncoding = 4; lastKnownFileType = sourcecode.c.objc; path = TwoViewController.m; sourceTree = "<group>"; };
		CCDDBE251CDC43D50070B6E4 /* One1ViewController.h */ = {isa = PBXFileReference; fileEncoding = 4; lastKnownFileType = sourcecode.c.h; path = One1ViewController.h; sourceTree = "<group>"; };
		CCDDBE261CDC43D50070B6E4 /* One1ViewController.m */ = {isa = PBXFileReference; fileEncoding = 4; lastKnownFileType = sourcecode.c.objc; path = One1ViewController.m; sourceTree = "<group>"; };
		CCDDBE291CDC74790070B6E4 /* bgimgae.png */ = {isa = PBXFileReference; lastKnownFileType = image.png; path = bgimgae.png; sourceTree = "<group>"; };
		CCDDBE2A1CDC74790070B6E4 /* btnLoginImage@2x.png */ = {isa = PBXFileReference; lastKnownFileType = image.png; path = "btnLoginImage@2x.png"; sourceTree = "<group>"; };
		CCDDBE2B1CDC74790070B6E4 /* catdog.png */ = {isa = PBXFileReference; lastKnownFileType = image.png; path = catdog.png; sourceTree = "<group>"; };
		CCDDBE2C1CDC74790070B6E4 /* login_bg.jpg */ = {isa = PBXFileReference; lastKnownFileType = image.jpeg; path = login_bg.jpg; sourceTree = "<group>"; };
		CCDDBE2D1CDC74790070B6E4 /* login_bg@2x.jpg */ = {isa = PBXFileReference; lastKnownFileType = image.jpeg; path = "login_bg@2x.jpg"; sourceTree = "<group>"; };
		CCDDBE2E1CDC74790070B6E4 /* navBackground.png */ = {isa = PBXFileReference; lastKnownFileType = image.png; path = navBackground.png; sourceTree = "<group>"; };
		CCDDBE2F1CDC74790070B6E4 /* navigationbar_compose_os7@2x.png */ = {isa = PBXFileReference; lastKnownFileType = image.png; path = "navigationbar_compose_os7@2x.png"; sourceTree = "<group>"; };
		CCDDBE301CDC74790070B6E4 /* navigationbar_pop_os7@2x.png */ = {isa = PBXFileReference; lastKnownFileType = image.png; path = "navigationbar_pop_os7@2x.png"; sourceTree = "<group>"; };
		CCDDBE311CDC74790070B6E4 /* settings.png */ = {isa = PBXFileReference; lastKnownFileType = image.png; path = settings.png; sourceTree = "<group>"; };
		CCDDBE321CDC74790070B6E4 /* userinfo_navigationbar_background.png */ = {isa = PBXFileReference; lastKnownFileType = image.png; path = userinfo_navigationbar_background.png; sourceTree = "<group>"; };
/* End PBXFileReference section */

/* Begin PBXFrameworksBuildPhase section */
		CC58B09D1CDC2FE2000CD22A /* Frameworks */ = {
			isa = PBXFrameworksBuildPhase;
			buildActionMask = 2147483647;
			files = (
			);
			runOnlyForDeploymentPostprocessing = 0;
		};
/* End PBXFrameworksBuildPhase section */

/* Begin PBXGroup section */
		CC58B0971CDC2FE2000CD22A = {
			isa = PBXGroup;
			children = (
				CC58B0A21CDC2FE3000CD22A /* Demo01_UINavigationController */,
				CC58B0A11CDC2FE3000CD22A /* Products */,
			);
			sourceTree = "<group>";
		};
		CC58B0A11CDC2FE3000CD22A /* Products */ = {
			isa = PBXGroup;
			children = (
				CC58B0A01CDC2FE3000CD22A /* Demo01_UINavigationController.app */,
			);
			name = Products;
			sourceTree = "<group>";
		};
		CC58B0A21CDC2FE3000CD22A /* Demo01_UINavigationController */ = {
			isa = PBXGroup;
			children = (
				CC58B0A61CDC2FE3000CD22A /* AppDelegate.h */,
				CC58B0A71CDC2FE3000CD22A /* AppDelegate.m */,
				CC58B0A91CDC2FE3000CD22A /* ViewController.h */,
				CC58B0AA1CDC2FE3000CD22A /* ViewController.m */,
				CC58B0BA1CDC3559000CD22A /* OneViewController.h */,
				CC58B0BB1CDC3559000CD22A /* OneViewController.m */,
				CCDDBE251CDC43D50070B6E4 /* One1ViewController.h */,
				CCDDBE261CDC43D50070B6E4 /* One1ViewController.m */,
				CC58B0BD1CDC37F7000CD22A /* TwoViewController.h */,
				CC58B0BE1CDC37F7000CD22A /* TwoViewController.m */,
				CC58B0AC1CDC2FE3000CD22A /* Main.storyboard */,
				CCDDBE281CDC74790070B6E4 /* materials */,
				CC58B0AF1CDC2FE3000CD22A /* Assets.xcassets */,
				CC58B0B11CDC2FE3000CD22A /* LaunchScreen.storyboard */,
				CC58B0B41CDC2FE3000CD22A /* Info.plist */,
				CC58B0A31CDC2FE3000CD22A /* Supporting Files */,
			);
			path = Demo01_UINavigationController;
			sourceTree = "<group>";
		};
		CC58B0A31CDC2FE3000CD22A /* Supporting Files */ = {
			isa = PBXGroup;
			children = (
				CC58B0A41CDC2FE3000CD22A /* main.m */,
			);
			name = "Supporting Files";
			sourceTree = "<group>";
		};
		CCDDBE281CDC74790070B6E4 /* materials */ = {
			isa = PBXGroup;
			children = (
				CCDDBE291CDC74790070B6E4 /* bgimgae.png */,
				CCDDBE2A1CDC74790070B6E4 /* btnLoginImage@2x.png */,
				CCDDBE2B1CDC74790070B6E4 /* catdog.png */,
				CCDDBE2C1CDC74790070B6E4 /* login_bg.jpg */,
				CCDDBE2D1CDC74790070B6E4 /* login_bg@2x.jpg */,
				CCDDBE2E1CDC74790070B6E4 /* navBackground.png */,
				CCDDBE2F1CDC74790070B6E4 /* navigationbar_compose_os7@2x.png */,
				CCDDBE301CDC74790070B6E4 /* navigationbar_pop_os7@2x.png */,
				CCDDBE311CDC74790070B6E4 /* settings.png */,
				CCDDBE321CDC74790070B6E4 /* userinfo_navigationbar_background.png */,
			);
			path = materials;
			sourceTree = "<group>";
		};
/* End PBXGroup section */

/* Begin PBXNativeTarget section */
		CC58B09F1CDC2FE2000CD22A /* Demo01_UINavigationController */ = {
			isa = PBXNativeTarget;
			buildConfigurationList = CC58B0B71CDC2FE3000CD22A /* Build configuration list for PBXNativeTarget "Demo01_UINavigationController" */;
			buildPhases = (
				CC58B09C1CDC2FE2000CD22A /* Sources */,
				CC58B09D1CDC2FE2000CD22A /* Frameworks */,
				CC58B09E1CDC2FE2000CD22A /* Resources */,
			);
			buildRules = (
			);
			dependencies = (
			);
			name = Demo01_UINavigationController;
			productName = Demo01_UINavigationController;
			productReference = CC58B0A01CDC2FE3000CD22A /* Demo01_UINavigationController.app */;
			productType = "com.apple.product-type.application";
		};
/* End PBXNativeTarget section */

/* Begin PBXProject section */
		CC58B0981CDC2FE2000CD22A /* Project object */ = {
			isa = PBXProject;
			attributes = {
				LastUpgradeCheck = 0710;
				ORGANIZATIONNAME = QingYun;
				TargetAttributes = {
					CC58B09F1CDC2FE2000CD22A = {
						CreatedOnToolsVersion = 7.1.1;
						DevelopmentTeam = GGG24ADHBE;
					};
				};
			};
			buildConfigurationList = CC58B09B1CDC2FE2000CD22A /* Build configuration list for PBXProject "Demo01_UINavigationController" */;
			compatibilityVersion = "Xcode 3.2";
			developmentRegion = English;
			hasScannedForEncodings = 0;
			knownRegions = (
				en,
				Base,
			);
			mainGroup = CC58B0971CDC2FE2000CD22A;
			productRefGroup = CC58B0A11CDC2FE3000CD22A /* Products */;
			projectDirPath = "";
			projectRoot = "";
			targets = (
				CC58B09F1CDC2FE2000CD22A /* Demo01_UINavigationController */,
			);
		};
/* End PBXProject section */

/* Begin PBXResourcesBuildPhase section */
		CC58B09E1CDC2FE2000CD22A /* Resources */ = {
			isa = PBXResourcesBuildPhase;
			buildActionMask = 2147483647;
			files = (
				CCDDBE3B1CDC74790070B6E4 /* settings.png in Resources */,
				CCDDBE391CDC74790070B6E4 /* navigationbar_compose_os7@2x.png in Resources */,
				CC58B0B31CDC2FE3000CD22A /* LaunchScreen.storyboard in Resources */,
				CCDDBE381CDC74790070B6E4 /* navBackground.png in Resources */,
				CCDDBE371CDC74790070B6E4 /* login_bg@2x.jpg in Resources */,
				CCDDBE341CDC74790070B6E4 /* btnLoginImage@2x.png in Resources */,
				CCDDBE361CDC74790070B6E4 /* login_bg.jpg in Resources */,
				CCDDBE3A1CDC74790070B6E4 /* navigationbar_pop_os7@2x.png in Resources */,
				CCDDBE3C1CDC74790070B6E4 /* userinfo_navigationbar_background.png in Resources */,
				CC58B0B01CDC2FE3000CD22A /* Assets.xcassets in Resources */,
				CCDDBE351CDC74790070B6E4 /* catdog.png in Resources */,
				CCDDBE331CDC74790070B6E4 /* bgimgae.png in Resources */,
				CC58B0AE1CDC2FE3000CD22A /* Main.storyboard in Resources */,
			);
			runOnlyForDeploymentPostprocessing = 0;
		};
/* End PBXResourcesBuildPhase section */

/* Begin PBXSourcesBuildPhase section */
		CC58B09C1CDC2FE2000CD22A /* Sources */ = {
			isa = PBXSourcesBuildPhase;
			buildActionMask = 2147483647;
			files = (
				CC58B0AB1CDC2FE3000CD22A /* ViewController.m in Sources */,
				CC58B0A81CDC2FE3000CD22A /* AppDelegate.m in Sources */,
				CC58B0A51CDC2FE3000CD22A /* main.m in Sources */,
				CCDDBE271CDC43D50070B6E4 /* One1ViewController.m in Sources */,
				CC58B0BF1CDC37F7000CD22A /* TwoViewController.m in Sources */,
				CC58B0BC1CDC3559000CD22A /* OneViewController.m in Sources */,
			);
			runOnlyForDeploymentPostprocessing = 0;
		};
/* End PBXSourcesBuildPhase section */

/* Begin PBXVariantGroup section */
		CC58B0AC1CDC2FE3000CD22A /* Main.storyboard */ = {
			isa = PBXVariantGroup;
			children = (
				CC58B0AD1CDC2FE3000CD22A /* Base */,
			);
			name = Main.storyboard;
			sourceTree = "<group>";
		};
		CC58B0B11CDC2FE3000CD22A /* LaunchScreen.storyboard */ = {
			isa = PBXVariantGroup;
			children = (
				CC58B0B21CDC2FE3000CD22A /* Base */,
			);
			name = LaunchScreen.storyboard;
			sourceTree = "<group>";
		};
/* End PBXVariantGroup section */

/* Begin XCBuildConfiguration section */
		CC58B0B51CDC2FE3000CD22A /* Debug */ = {
			isa = XCBuildConfiguration;
			buildSettings = {
				ALWAYS_SEARCH_USER_PATHS = NO;
				CLANG_CXX_LANGUAGE_STANDARD = "gnu++0x";
				CLANG_CXX_LIBRARY = "libc++";
				CLANG_ENABLE_MODULES = YES;
				CLANG_ENABLE_OBJC_ARC = YES;
				CLANG_WARN_BOOL_CONVERSION = YES;
				CLANG_WARN_CONSTANT_CONVERSION = YES;
				CLANG_WARN_DIRECT_OBJC_ISA_USAGE = YES_ERROR;
				CLANG_WARN_EMPTY_BODY = YES;
				CLANG_WARN_ENUM_CONVERSION = YES;
				CLANG_WARN_INT_CONVERSION = YES;
				CLANG_WARN_OBJC_ROOT_CLASS = YES_ERROR;
				CLANG_WARN_UNREACHABLE_CODE = YES;
				CLANG_WARN__DUPLICATE_METHOD_MATCH = YES;
				"CODE_SIGN_IDENTITY[sdk=iphoneos*]" = "iPhone Developer";
				COPY_PHASE_STRIP = NO;
				DEBUG_INFORMATION_FORMAT = dwarf;
				ENABLE_STRICT_OBJC_MSGSEND = YES;
				ENABLE_TESTABILITY = YES;
				GCC_C_LANGUAGE_STANDARD = gnu99;
				GCC_DYNAMIC_NO_PIC = NO;
				GCC_NO_COMMON_BLOCKS = YES;
				GCC_OPTIMIZATION_LEVEL = 0;
				GCC_PREPROCESSOR_DEFINITIONS = (
					"DEBUG=1",
					"$(inherited)",
				);
				GCC_WARN_64_TO_32_BIT_CONVERSION = YES;
				GCC_WARN_ABOUT_RETURN_TYPE = YES_ERROR;
				GCC_WARN_UNDECLARED_SELECTOR = YES;
				GCC_WARN_UNINITIALIZED_AUTOS = YES_AGGRESSIVE;
				GCC_WARN_UNUSED_FUNCTION = YES;
				GCC_WARN_UNUSED_VARIABLE = YES;
				IPHONEOS_DEPLOYMENT_TARGET = 8.0;
				MTL_ENABLE_DEBUG_INFO = YES;
				ONLY_ACTIVE_ARCH = YES;
				SDKROOT = iphoneos;
			};
			name = Debug;
		};
		CC58B0B61CDC2FE3000CD22A /* Release */ = {
			isa = XCBuildConfiguration;
			buildSettings = {
				ALWAYS_SEARCH_USER_PATHS = NO;
				CLANG_CXX_LANGUAGE_STANDARD = "gnu++0x";
				CLANG_CXX_LIBRARY = "libc++";
				CLANG_ENABLE_MODULES = YES;
				CLANG_ENABLE_OBJC_ARC = YES;
				CLANG_WARN_BOOL_CONVERSION = YES;
				CLANG_WARN_CONSTANT_CONVERSION = YES;
				CLANG_WARN_DIRECT_OBJC_ISA_USAGE = YES_ERROR;
				CLANG_WARN_EMPTY_BODY = YES;
				CLANG_WARN_ENUM_CONVERSION = YES;
				CLANG_WARN_INT_CONVERSION = YES;
				CLANG_WARN_OBJC_ROOT_CLASS = YES_ERROR;
				CLANG_WARN_UNREACHABLE_CODE = YES;
				CLANG_WARN__DUPLICATE_METHOD_MATCH = YES;
				"CODE_SIGN_IDENTITY[sdk=iphoneos*]" = "iPhone Developer";
				COPY_PHASE_STRIP = NO;
				DEBUG_INFORMATION_FORMAT = "dwarf-with-dsym";
				ENABLE_NS_ASSERTIONS = NO;
				ENABLE_STRICT_OBJC_MSGSEND = YES;
				GCC_C_LANGUAGE_STANDARD = gnu99;
				GCC_NO_COMMON_BLOCKS = YES;
				GCC_WARN_64_TO_32_BIT_CONVERSION = YES;
				GCC_WARN_ABOUT_RETURN_TYPE = YES_ERROR;
				GCC_WARN_UNDECLARED_SELECTOR = YES;
				GCC_WARN_UNINITIALIZED_AUTOS = YES_AGGRESSIVE;
				GCC_WARN_UNUSED_FUNCTION = YES;
				GCC_WARN_UNUSED_VARIABLE = YES;
				IPHONEOS_DEPLOYMENT_TARGET = 8.0;
				MTL_ENABLE_DEBUG_INFO = NO;
				SDKROOT = iphoneos;
				VALIDATE_PRODUCT = YES;
			};
			name = Release;
		};
		CC58B0B81CDC2FE3000CD22A /* Debug */ = {
			isa = XCBuildConfiguration;
			buildSettings = {
				ASSETCATALOG_COMPILER_APPICON_NAME = AppIcon;
				INFOPLIST_FILE = Demo01_UINavigationController/Info.plist;
				LD_RUNPATH_SEARCH_PATHS = "$(inherited) @executable_path/Frameworks";
				PRODUCT_BUNDLE_IDENTIFIER = "com.Qingyun.Demo01-UINavigationController";
				PRODUCT_NAME = "$(TARGET_NAME)";
			};
			name = Debug;
		};
		CC58B0B91CDC2FE3000CD22A /* Release */ = {
			isa = XCBuildConfiguration;
			buildSettings = {
				ASSETCATALOG_COMPILER_APPICON_NAME = AppIcon;
				INFOPLIST_FILE = Demo01_UINavigationController/Info.plist;
				LD_RUNPATH_SEARCH_PATHS = "$(inherited) @executable_path/Frameworks";
				PRODUCT_BUNDLE_IDENTIFIER = "com.Qingyun.Demo01-UINavigationController";
				PRODUCT_NAME = "$(TARGET_NAME)";
			};
			name = Release;
		};
/* End XCBuildConfiguration section */

/* Begin XCConfigurationList section */
		CC58B09B1CDC2FE2000CD22A /* Build configuration list for PBXProject "Demo01_UINavigationController" */ = {
			isa = XCConfigurationList;
			buildConfigurations = (
				CC58B0B51CDC2FE3000CD22A /* Debug */,
				CC58B0B61CDC2FE3000CD22A /* Release */,
			);
			defaultConfigurationIsVisible = 0;
			defaultConfigurationName = Release;
		};
		CC58B0B71CDC2FE3000CD22A /* Build configuration list for PBXNativeTarget "Demo01_UINavigationController" */ = {
			isa = XCConfigurationList;
			buildConfigurations = (
				CC58B0B81CDC2FE3000CD22A /* Debug */,
				CC58B0B91CDC2FE3000CD22A /* Release */,
			);
			defaultConfigurationIsVisible = 0;
			defaultConfigurationName = Release;
		};
/* End XCConfigurationList section */
	};
	rootObject = CC58B0981CDC2FE2000CD22A /* Project object */;
}
